
Microsoft Visual Studio Solution File, Format Version 12.00
# Visual Studio Version 17
VisualStudioVersion = 17.3.32819.101
MinimumVisualStudioVersion = 10.0.40219.1
Project("{FAE04EC0-301F-11D3-BF4B-00C04F79EFBC}") = "Inlämningsuppgift 3 Alexander Adolfsson", "Inlämningsuppgift 3 Alexander Adolfsson\Inlämningsuppgift 3 Alexander Adolfsson.csproj", "{8734E6A8-16A0-43C8-8421-B5A31BAF062B}"
EndProject
Global
	GlobalSection(SolutionConfigurationPlatforms) = preSolution
		Debug|Any CPU = Debug|Any CPU
		Release|Any CPU = Release|Any CPU
	EndGlobalSection
	GlobalSection(ProjectConfigurationPlatforms) = postSolution
		{8734E6A8-16A0-43C8-8421-B5A31BAF062B}.Debug|Any CPU.ActiveCfg = Debug|Any CPU
		{8734E6A8-16A0-43C8-8421-B5A31BAF062B}.Debug|Any CPU.Build.0 = Debug|Any CPU
		{8734E6A8-16A0-43C8-8421-B5A31BAF062B}.Release|Any CPU.ActiveCfg = Release|Any CPU
		{8734E6A8-16A0-43C8-8421-B5A31BAF062B}.Release|Any CPU.Build.0 = Release|Any CPU
	EndGlobalSection
	GlobalSection(SolutionProperties) = preSolution
		HideSolutionNode = FALSE
	EndGlobalSection
	GlobalSection(ExtensibilityGlobals) = postSolution
		SolutionGuid = {8CF79C04-DEA2-4B64-AF01-0E4BC6A5E986}
	EndGlobalSection
EndGlobal
